
Microsoft Visual Studio Solution File, Format Version 12.00
# Visual Studio 2013
VisualStudioVersion = 12.0.30501.0
MinimumVisualStudioVersion = 10.0.40219.1
Project("{8BC9CEB8-8B4A-11D0-8D11-00A0C91BC942}") = "Dice game", "Lab1 Dice game\Lab1 Dice game.vcxproj", "{FCD53B26-496A-4AFB-885E-57BB79928957}"
EndProject
Project("{8BC9CEB8-8B4A-11D0-8D11-00A0C91BC942}") = "Dice Game Stats", "Project1\Project1.vcxproj", "{9A0A0CD3-0F4A-4F93-91C3-F097785D10EB}"
EndProject
Project("{8BC9CEB8-8B4A-11D0-8D11-00A0C91BC942}") = "Noughts and Crosses", "Project2\Project2.vcxproj", "{689D0347-2BC0-4F46-B3BD-E11DB1630AAB}"
EndProject
Global
	GlobalSection(SolutionConfigurationPlatforms) = preSolution
		Debug|Win32 = Debug|Win32
		Release|Win32 = Release|Win32
	EndGlobalSection
	GlobalSection(ProjectConfigurationPlatforms) = postSolution
		{FCD53B26-496A-4AFB-885E-57BB79928957}.Debug|Win32.ActiveCfg = Debug|Win32
		{FCD53B26-496A-4AFB-885E-57BB79928957}.Debug|Win32.Build.0 = Debug|Win32
		{FCD53B26-496A-4AFB-885E-57BB79928957}.Release|Win32.ActiveCfg = Release|Win32
		{FCD53B26-496A-4AFB-885E-57BB79928957}.Release|Win32.Build.0 = Release|Win32
		{9A0A0CD3-0F4A-4F93-91C3-F097785D10EB}.Debug|Win32.ActiveCfg = Debug|Win32
		{9A0A0CD3-0F4A-4F93-91C3-F097785D10EB}.Debug|Win32.Build.0 = Debug|Win32
		{9A0A0CD3-0F4A-4F93-91C3-F097785D10EB}.Release|Win32.ActiveCfg = Release|Win32
		{9A0A0CD3-0F4A-4F93-91C3-F097785D10EB}.Release|Win32.Build.0 = Release|Win32
		{689D0347-2BC0-4F46-B3BD-E11DB1630AAB}.Debug|Win32.ActiveCfg = Debug|Win32
		{689D0347-2BC0-4F46-B3BD-E11DB1630AAB}.Debug|Win32.Build.0 = Debug|Win32
		{689D0347-2BC0-4F46-B3BD-E11DB1630AAB}.Release|Win32.ActiveCfg = Release|Win32
		{689D0347-2BC0-4F46-B3BD-E11DB1630AAB}.Release|Win32.Build.0 = Release|Win32
	EndGlobalSection
	GlobalSection(SolutionProperties) = preSolution
		HideSolutionNode = FALSE
	EndGlobalSection
EndGlobal
